
Microsoft Visual Studio Solution File, Format Version 12.00
# Visual Studio Version 17
VisualStudioVersion = 17.10.34928.147
MinimumVisualStudioVersion = 10.0.40219.1
Project("{FAE04EC0-301F-11D3-BF4B-00C04F79EFBC}") = "Common-Elements", "Common-Elements\Common-Elements.csproj", "{7362AF6A-903F-47AC-9CFD-6DDBF924EC87}"
EndProject
Project("{FAE04EC0-301F-11D3-BF4B-00C04F79EFBC}") = "Common-Elements-Tests", "Common-Elements-Tests\Common-Elements-Tests.csproj", "{6E50E54B-2403-4363-9B66-C404B276A831}"
EndProject
Global
	GlobalSection(SolutionConfigurationPlatforms) = preSolution
		Debug|Any CPU = Debug|Any CPU
		Release|Any CPU = Release|Any CPU
	EndGlobalSection
	GlobalSection(ProjectConfigurationPlatforms) = postSolution
		{7362AF6A-903F-47AC-9CFD-6DDBF924EC87}.Debug|Any CPU.ActiveCfg = Debug|Any CPU
		{7362AF6A-903F-47AC-9CFD-6DDBF924EC87}.Debug|Any CPU.Build.0 = Debug|Any CPU
		{7362AF6A-903F-47AC-9CFD-6DDBF924EC87}.Release|Any CPU.ActiveCfg = Release|Any CPU
		{7362AF6A-903F-47AC-9CFD-6DDBF924EC87}.Release|Any CPU.Build.0 = Release|Any CPU
		{6E50E54B-2403-4363-9B66-C404B276A831}.Debug|Any CPU.ActiveCfg = Debug|Any CPU
		{6E50E54B-2403-4363-9B66-C404B276A831}.Debug|Any CPU.Build.0 = Debug|Any CPU
		{6E50E54B-2403-4363-9B66-C404B276A831}.Release|Any CPU.ActiveCfg = Release|Any CPU
		{6E50E54B-2403-4363-9B66-C404B276A831}.Release|Any CPU.Build.0 = Release|Any CPU
	EndGlobalSection
	GlobalSection(SolutionProperties) = preSolution
		HideSolutionNode = FALSE
	EndGlobalSection
	GlobalSection(ExtensibilityGlobals) = postSolution
		SolutionGuid = {824ED6F1-2AF2-4B67-B8CE-2C193E74FDF2}
	EndGlobalSection
EndGlobal
